
Microsoft Visual Studio Solution File, Format Version 12.00
# Visual Studio Version 17
VisualStudioVersion = 17.10.35004.147
MinimumVisualStudioVersion = 10.0.40219.1
Project("{FAE04EC0-301F-11D3-BF4B-00C04F79EFBC}") = "MsalAuthFlows", "MsalAuthFlows.csproj", "{CB075846-D9D7-44E2-A03D-4A3B62B89D90}"
EndProject
Project("{9A19103F-16F7-4668-BE54-9A1E7A4F7556}") = "Cli", "..\Session4\ClientCredential\console-daemon\Cli.csproj", "{3D9C14E1-28A3-4A86-90D9-99691F1222B2}"
EndProject
Project("{2150E333-8FDC-42A3-9474-1A3956D46DE8}") = "ClientCredentials", "ClientCredentials", "{28703BA4-C2FD-465E-9815-F9A310643E1E}"
EndProject
Project("{2150E333-8FDC-42A3-9474-1A3956D46DE8}") = "DeviceCode", "DeviceCode", "{BB1E0F4B-CFBA-463A-9C3B-37CF452CA8AC}"
EndProject
Project("{9A19103F-16F7-4668-BE54-9A1E7A4F7556}") = "cli", "..\Session4\DeviceCodeFlow\console-cli\cli.csproj", "{A095B4DC-7A25-49E9-A78A-7EA90EC68FF6}"
EndProject
Project("{2150E333-8FDC-42A3-9474-1A3956D46DE8}") = "ConvertedCli2PKCE", "ConvertedCli2PKCE", "{0CFF206D-414B-4595-97A1-064DF27C442C}"
EndProject
Project("{9A19103F-16F7-4668-BE54-9A1E7A4F7556}") = "MsalExample", "..\Session4\PkcwithWPF\desktop-wpf\MsalExample.csproj", "{F7E1C8CE-9288-4A04-9AE9-D3A16E06E602}"
EndProject
Project("{2150E333-8FDC-42A3-9474-1A3956D46DE8}") = "PKCEwithWPF", "PKCEwithWPF", "{526B0F85-4C92-4057-96AD-4AA5849C9CED}"
EndProject
Project("{9A19103F-16F7-4668-BE54-9A1E7A4F7556}") = "Api", "..\Session4\web-api-obo-client\Api.csproj", "{521F8F39-95FA-4191-BC25-6B3F6C786DC5}"
EndProject
Project("{2150E333-8FDC-42A3-9474-1A3956D46DE8}") = "WebApiOBO", "WebApiOBO", "{26DE2D2A-5C14-4FEE-9CE5-20BE3DA67D28}"
EndProject
Global
	GlobalSection(SolutionConfigurationPlatforms) = preSolution
		Debug|Any CPU = Debug|Any CPU
		Release|Any CPU = Release|Any CPU
	EndGlobalSection
	GlobalSection(ProjectConfigurationPlatforms) = postSolution
		{CB075846-D9D7-44E2-A03D-4A3B62B89D90}.Debug|Any CPU.ActiveCfg = Debug|Any CPU
		{CB075846-D9D7-44E2-A03D-4A3B62B89D90}.Debug|Any CPU.Build.0 = Debug|Any CPU
		{CB075846-D9D7-44E2-A03D-4A3B62B89D90}.Release|Any CPU.ActiveCfg = Release|Any CPU
		{CB075846-D9D7-44E2-A03D-4A3B62B89D90}.Release|Any CPU.Build.0 = Release|Any CPU
		{3D9C14E1-28A3-4A86-90D9-99691F1222B2}.Debug|Any CPU.ActiveCfg = Debug|Any CPU
		{3D9C14E1-28A3-4A86-90D9-99691F1222B2}.Debug|Any CPU.Build.0 = Debug|Any CPU
		{3D9C14E1-28A3-4A86-90D9-99691F1222B2}.Release|Any CPU.ActiveCfg = Release|Any CPU
		{3D9C14E1-28A3-4A86-90D9-99691F1222B2}.Release|Any CPU.Build.0 = Release|Any CPU
		{A095B4DC-7A25-49E9-A78A-7EA90EC68FF6}.Debug|Any CPU.ActiveCfg = Debug|Any CPU
		{A095B4DC-7A25-49E9-A78A-7EA90EC68FF6}.Debug|Any CPU.Build.0 = Debug|Any CPU
		{A095B4DC-7A25-49E9-A78A-7EA90EC68FF6}.Release|Any CPU.ActiveCfg = Release|Any CPU
		{A095B4DC-7A25-49E9-A78A-7EA90EC68FF6}.Release|Any CPU.Build.0 = Release|Any CPU
		{F7E1C8CE-9288-4A04-9AE9-D3A16E06E602}.Debug|Any CPU.ActiveCfg = Debug|Any CPU
		{F7E1C8CE-9288-4A04-9AE9-D3A16E06E602}.Debug|Any CPU.Build.0 = Debug|Any CPU
		{F7E1C8CE-9288-4A04-9AE9-D3A16E06E602}.Release|Any CPU.ActiveCfg = Release|Any CPU
		{F7E1C8CE-9288-4A04-9AE9-D3A16E06E602}.Release|Any CPU.Build.0 = Release|Any CPU
		{521F8F39-95FA-4191-BC25-6B3F6C786DC5}.Debug|Any CPU.ActiveCfg = Debug|Any CPU
		{521F8F39-95FA-4191-BC25-6B3F6C786DC5}.Debug|Any CPU.Build.0 = Debug|Any CPU
		{521F8F39-95FA-4191-BC25-6B3F6C786DC5}.Release|Any CPU.ActiveCfg = Release|Any CPU
		{521F8F39-95FA-4191-BC25-6B3F6C786DC5}.Release|Any CPU.Build.0 = Release|Any CPU
	EndGlobalSection
	GlobalSection(SolutionProperties) = preSolution
		HideSolutionNode = FALSE
	EndGlobalSection
	GlobalSection(NestedProjects) = preSolution
		{CB075846-D9D7-44E2-A03D-4A3B62B89D90} = {0CFF206D-414B-4595-97A1-064DF27C442C}
		{3D9C14E1-28A3-4A86-90D9-99691F1222B2} = {28703BA4-C2FD-465E-9815-F9A310643E1E}
		{A095B4DC-7A25-49E9-A78A-7EA90EC68FF6} = {BB1E0F4B-CFBA-463A-9C3B-37CF452CA8AC}
		{F7E1C8CE-9288-4A04-9AE9-D3A16E06E602} = {526B0F85-4C92-4057-96AD-4AA5849C9CED}
		{521F8F39-95FA-4191-BC25-6B3F6C786DC5} = {26DE2D2A-5C14-4FEE-9CE5-20BE3DA67D28}
	EndGlobalSection
	GlobalSection(ExtensibilityGlobals) = postSolution
		SolutionGuid = {39EDF7AB-68B5-48D4-B886-1D652F52CF18}
	EndGlobalSection
EndGlobal
